{
  "name": "Athenaeum",
  "version": "1.0.0",
  "lockfileVersion": 1,
  "requires": true,
  "dependencies": {
    "aequirys": {
      "version": "2.0.0",
      "resolved": "https://registry.npmjs.org/aequirys/-/aequirys-2.0.0.tgz",
      "integrity": "sha512-cfpGov0eCAAsd8udMTHoqlaqZv6JwUQDmLGJDDY8tIl8VKnIGsrmAGKD7Kuw3brmAiKfP4SHVKmLBjJ5UZXvxw=="
    }
  }
}
