{
  "name": "Memex",
  "version": "1.0.0",
  "lockfileVersion": 1,
  "requires": true,
  "dependencies": {
    "aequirys": {
      "version": "1.1.1",
      "resolved": "https://registry.npmjs.org/aequirys/-/aequirys-1.1.1.tgz",
      "integrity": "sha512-dU+FOVGg6SQBAHXtmkuPN4LgGnyYVQ6NBNw57TEE+bKA1jxYEsg7mf3xbFHnD+AlRcEXZKOWoYS80HIv19zZGg=="
    }
  }
}
